
Microsoft Visual Studio Solution File, Format Version 12.00
# Visual Studio Version 17
VisualStudioVersion = 17.13.35825.156 d17.13
MinimumVisualStudioVersion = 10.0.40219.1
Project("{FAE04EC0-301F-11D3-BF4B-00C04F79EFBC}") = "PruebaQAP2", "PruebaQAP2.csproj", "{D762DDB5-D00E-4305-A6B7-BE464000824B}"
EndProject
Global
	GlobalSection(SolutionConfigurationPlatforms) = preSolution
		Debug|Any CPU = Debug|Any CPU
		Release|Any CPU = Release|Any CPU
	EndGlobalSection
	GlobalSection(ProjectConfigurationPlatforms) = postSolution
		{D762DDB5-D00E-4305-A6B7-BE464000824B}.Debug|Any CPU.ActiveCfg = Debug|Any CPU
		{D762DDB5-D00E-4305-A6B7-BE464000824B}.Debug|Any CPU.Build.0 = Debug|Any CPU
		{D762DDB5-D00E-4305-A6B7-BE464000824B}.Release|Any CPU.ActiveCfg = Release|Any CPU
		{D762DDB5-D00E-4305-A6B7-BE464000824B}.Release|Any CPU.Build.0 = Release|Any CPU
	EndGlobalSection
	GlobalSection(SolutionProperties) = preSolution
		HideSolutionNode = FALSE
	EndGlobalSection
	GlobalSection(ExtensibilityGlobals) = postSolution
		SolutionGuid = {538535EC-F25A-49A8-BE7C-474ACEB3D060}
	EndGlobalSection
EndGlobal
